// !$*UTF8*$!
{
	archiveVersion = 1;
	classes = {
	};
	objectVersion = 50;
	objects = {

/* Begin PBXBuildFile section */
		B686567C24F8871600F0CAC1 /* AppDelegate.swift in Sources */ = {isa = PBXBuildFile; fileRef = B686567B24F8871600F0CAC1 /* AppDelegate.swift */; };
		B686567E24F8871600F0CAC1 /* SceneDelegate.swift in Sources */ = {isa = PBXBuildFile; fileRef = B686567D24F8871600F0CAC1 /* SceneDelegate.swift */; };
		B686568024F8871600F0CAC1 /* FirstViewController.swift in Sources */ = {isa = PBXBuildFile; fileRef = B686567F24F8871600F0CAC1 /* FirstViewController.swift */; };
		B686568224F8871600F0CAC1 /* SecondViewController.swift in Sources */ = {isa = PBXBuildFile; fileRef = B686568124F8871600F0CAC1 /* SecondViewController.swift */; };
		B686568524F8871600F0CAC1 /* Main.storyboard in Resources */ = {isa = PBXBuildFile; fileRef = B686568324F8871600F0CAC1 /* Main.storyboard */; };
		B686568724F8871700F0CAC1 /* Assets.xcassets in Resources */ = {isa = PBXBuildFile; fileRef = B686568624F8871700F0CAC1 /* Assets.xcassets */; };
		B686568A24F8871700F0CAC1 /* LaunchScreen.storyboard in Resources */ = {isa = PBXBuildFile; fileRef = B686568824F8871700F0CAC1 /* LaunchScreen.storyboard */; };
		B686569524F8871700F0CAC1 /* BRCT1Tests.swift in Sources */ = {isa = PBXBuildFile; fileRef = B686569424F8871700F0CAC1 /* BRCT1Tests.swift */; };
		B68656A024F8871700F0CAC1 /* BRCT1UITests.swift in Sources */ = {isa = PBXBuildFile; fileRef = B686569F24F8871700F0CAC1 /* BRCT1UITests.swift */; };
/* End PBXBuildFile section */

/* Begin PBXContainerItemProxy section */
		B686569124F8871700F0CAC1 /* PBXContainerItemProxy */ = {
			isa = PBXContainerItemProxy;
			containerPortal = B686567024F8871600F0CAC1 /* Project object */;
			proxyType = 1;
			remoteGlobalIDString = B686567724F8871600F0CAC1;
			remoteInfo = BRCT1;
		};
		B686569C24F8871700F0CAC1 /* PBXContainerItemProxy */ = {
			isa = PBXContainerItemProxy;
			containerPortal = B686567024F8871600F0CAC1 /* Project object */;
			proxyType = 1;
			remoteGlobalIDString = B686567724F8871600F0CAC1;
			remoteInfo = BRCT1;
		};
/* End PBXContainerItemProxy section */

/* Begin PBXFileReference section */
		B686567824F8871600F0CAC1 /* BRCT1.app */ = {isa = PBXFileReference; explicitFileType = wrapper.application; includeInIndex = 0; path = BRCT1.app; sourceTree = BUILT_PRODUCTS_DIR; };
		B686567B24F8871600F0CAC1 /* AppDelegate.swift */ = {isa = PBXFileReference; lastKnownFileType = sourcecode.swift; path = AppDelegate.swift; sourceTree = "<group>"; };
		B686567D24F8871600F0CAC1 /* SceneDelegate.swift */ = {isa = PBXFileReference; lastKnownFileType = sourcecode.swift; path = SceneDelegate.swift; sourceTree = "<group>"; };
		B686567F24F8871600F0CAC1 /* FirstViewController.swift */ = {isa = PBXFileReference; lastKnownFileType = sourcecode.swift; path = FirstViewController.swift; sourceTree = "<group>"; };
		B686568124F8871600F0CAC1 /* SecondViewController.swift */ = {isa = PBXFileReference; lastKnownFileType = sourcecode.swift; path = SecondViewController.swift; sourceTree = "<group>"; };
		B686568424F8871600F0CAC1 /* Base */ = {isa = PBXFileReference; lastKnownFileType = file.storyboard; name = Base; path = Base.lproj/Main.storyboard; sourceTree = "<group>"; };
		B686568624F8871700F0CAC1 /* Assets.xcassets */ = {isa = PBXFileReference; lastKnownFileType = folder.assetcatalog; path = Assets.xcassets; sourceTree = "<group>"; };
		B686568924F8871700F0CAC1 /* Base */ = {isa = PBXFileReference; lastKnownFileType = file.storyboard; name = Base; path = Base.lproj/LaunchScreen.storyboard; sourceTree = "<group>"; };
		B686568B24F8871700F0CAC1 /* Info.plist */ = {isa = PBXFileReference; lastKnownFileType = text.plist.xml; path = Info.plist; sourceTree = "<group>"; };
		B686569024F8871700F0CAC1 /* BRCT1Tests.xctest */ = {isa = PBXFileReference; explicitFileType = wrapper.cfbundle; includeInIndex = 0; path = BRCT1Tests.xctest; sourceTree = BUILT_PRODUCTS_DIR; };
		B686569424F8871700F0CAC1 /* BRCT1Tests.swift */ = {isa = PBXFileReference; lastKnownFileType = sourcecode.swift; path = BRCT1Tests.swift; sourceTree = "<group>"; };
		B686569624F8871700F0CAC1 /* Info.plist */ = {isa = PBXFileReference; lastKnownFileType = text.plist.xml; path = Info.plist; sourceTree = "<group>"; };
		B686569B24F8871700F0CAC1 /* BRCT1UITests.xctest */ = {isa = PBXFileReference; explicitFileType = wrapper.cfbundle; includeInIndex = 0; path = BRCT1UITests.xctest; sourceTree = BUILT_PRODUCTS_DIR; };
		B686569F24F8871700F0CAC1 /* BRCT1UITests.swift */ = {isa = PBXFileReference; lastKnownFileType = sourcecode.swift; path = BRCT1UITests.swift; sourceTree = "<group>"; };
		B68656A124F8871700F0CAC1 /* Info.plist */ = {isa = PBXFileReference; lastKnownFileType = text.plist.xml; path = Info.plist; sourceTree = "<group>"; };
/* End PBXFileReference section */

/* Begin PBXFrameworksBuildPhase section */
		B686567524F8871600F0CAC1 /* Frameworks */ = {
			isa = PBXFrameworksBuildPhase;
			buildActionMask = 2147483647;
			files = (
			);
			runOnlyForDeploymentPostprocessing = 0;
		};
		B686568D24F8871700F0CAC1 /* Frameworks */ = {
			isa = PBXFrameworksBuildPhase;
			buildActionMask = 2147483647;
			files = (
			);
			runOnlyForDeploymentPostprocessing = 0;
		};
		B686569824F8871700F0CAC1 /* Frameworks */ = {
			isa = PBXFrameworksBuildPhase;
			buildActionMask = 2147483647;
			files = (
			);
			runOnlyForDeploymentPostprocessing = 0;
		};
/* End PBXFrameworksBuildPhase section */

/* Begin PBXGroup section */
		B686566F24F8871600F0CAC1 = {
			isa = PBXGroup;
			children = (
				B686567A24F8871600F0CAC1 /* BRCT1 */,
				B686569324F8871700F0CAC1 /* BRCT1Tests */,
				B686569E24F8871700F0CAC1 /* BRCT1UITests */,
				B686567924F8871600F0CAC1 /* Products */,
			);
			sourceTree = "<group>";
		};
		B686567924F8871600F0CAC1 /* Products */ = {
			isa = PBXGroup;
			children = (
				B686567824F8871600F0CAC1 /* BRCT1.app */,
				B686569024F8871700F0CAC1 /* BRCT1Tests.xctest */,
				B686569B24F8871700F0CAC1 /* BRCT1UITests.xctest */,
			);
			name = Products;
			sourceTree = "<group>";
		};
		B686567A24F8871600F0CAC1 /* BRCT1 */ = {
			isa = PBXGroup;
			children = (
				B686567B24F8871600F0CAC1 /* AppDelegate.swift */,
				B686567D24F8871600F0CAC1 /* SceneDelegate.swift */,
				B686567F24F8871600F0CAC1 /* FirstViewController.swift */,
				B686568124F8871600F0CAC1 /* SecondViewController.swift */,
				B686568324F8871600F0CAC1 /* Main.storyboard */,
				B686568624F8871700F0CAC1 /* Assets.xcassets */,
				B686568824F8871700F0CAC1 /* LaunchScreen.storyboard */,
				B686568B24F8871700F0CAC1 /* Info.plist */,
			);
			path = BRCT1;
			sourceTree = "<group>";
		};
		B686569324F8871700F0CAC1 /* BRCT1Tests */ = {
			isa = PBXGroup;
			children = (
				B686569424F8871700F0CAC1 /* BRCT1Tests.swift */,
				B686569624F8871700F0CAC1 /* Info.plist */,
			);
			path = BRCT1Tests;
			sourceTree = "<group>";
		};
		B686569E24F8871700F0CAC1 /* BRCT1UITests */ = {
			isa = PBXGroup;
			children = (
				B686569F24F8871700F0CAC1 /* BRCT1UITests.swift */,
				B68656A124F8871700F0CAC1 /* Info.plist */,
			);
			path = BRCT1UITests;
			sourceTree = "<group>";
		};
/* End PBXGroup section */

/* Begin PBXNativeTarget section */
		B686567724F8871600F0CAC1 /* BRCT1 */ = {
			isa = PBXNativeTarget;
			buildConfigurationList = B68656A424F8871700F0CAC1 /* Build configuration list for PBXNativeTarget "BRCT1" */;
			buildPhases = (
				B686567424F8871600F0CAC1 /* Sources */,
				B686567524F8871600F0CAC1 /* Frameworks */,
				B686567624F8871600F0CAC1 /* Resources */,
			);
			buildRules = (
			);
			dependencies = (
			);
			name = BRCT1;
			productName = BRCT1;
			productReference = B686567824F8871600F0CAC1 /* BRCT1.app */;
			productType = "com.apple.product-type.application";
		};
		B686568F24F8871700F0CAC1 /* BRCT1Tests */ = {
			isa = PBXNativeTarget;
			buildConfigurationList = B68656A724F8871700F0CAC1 /* Build configuration list for PBXNativeTarget "BRCT1Tests" */;
			buildPhases = (
				B686568C24F8871700F0CAC1 /* Sources */,
				B686568D24F8871700F0CAC1 /* Frameworks */,
				B686568E24F8871700F0CAC1 /* Resources */,
			);
			buildRules = (
			);
			dependencies = (
				B686569224F8871700F0CAC1 /* PBXTargetDependency */,
			);
			name = BRCT1Tests;
			productName = BRCT1Tests;
			productReference = B686569024F8871700F0CAC1 /* BRCT1Tests.xctest */;
			productType = "com.apple.product-type.bundle.unit-test";
		};
		B686569A24F8871700F0CAC1 /* BRCT1UITests */ = {
			isa = PBXNativeTarget;
			buildConfigurationList = B68656AA24F8871700F0CAC1 /* Build configuration list for PBXNativeTarget "BRCT1UITests" */;
			buildPhases = (
				B686569724F8871700F0CAC1 /* Sources */,
				B686569824F8871700F0CAC1 /* Frameworks */,
				B686569924F8871700F0CAC1 /* Resources */,
			);
			buildRules = (
			);
			dependencies = (
				B686569D24F8871700F0CAC1 /* PBXTargetDependency */,
			);
			name = BRCT1UITests;
			productName = BRCT1UITests;
			productReference = B686569B24F8871700F0CAC1 /* BRCT1UITests.xctest */;
			productType = "com.apple.product-type.bundle.ui-testing";
		};
/* End PBXNativeTarget section */

/* Begin PBXProject section */
		B686567024F8871600F0CAC1 /* Project object */ = {
			isa = PBXProject;
			attributes = {
				LastSwiftUpdateCheck = 1160;
				LastUpgradeCheck = 1160;
				ORGANIZATIONNAME = "Shruti Agarwal";
				TargetAttributes = {
					B686567724F8871600F0CAC1 = {
						CreatedOnToolsVersion = 11.6;
					};
					B686568F24F8871700F0CAC1 = {
						CreatedOnToolsVersion = 11.6;
						TestTargetID = B686567724F8871600F0CAC1;
					};
					B686569A24F8871700F0CAC1 = {
						CreatedOnToolsVersion = 11.6;
						TestTargetID = B686567724F8871600F0CAC1;
					};
				};
			};
			buildConfigurationList = B686567324F8871600F0CAC1 /* Build configuration list for PBXProject "BRCT1" */;
			compatibilityVersion = "Xcode 9.3";
			developmentRegion = en;
			hasScannedForEncodings = 0;
			knownRegions = (
				en,
				Base,
			);
			mainGroup = B686566F24F8871600F0CAC1;
			productRefGroup = B686567924F8871600F0CAC1 /* Products */;
			projectDirPath = "";
			projectRoot = "";
			targets = (
				B686567724F8871600F0CAC1 /* BRCT1 */,
				B686568F24F8871700F0CAC1 /* BRCT1Tests */,
				B686569A24F8871700F0CAC1 /* BRCT1UITests */,
			);
		};
/* End PBXProject section */

/* Begin PBXResourcesBuildPhase section */
		B686567624F8871600F0CAC1 /* Resources */ = {
			isa = PBXResourcesBuildPhase;
			buildActionMask = 2147483647;
			files = (
				B686568A24F8871700F0CAC1 /* LaunchScreen.storyboard in Resources */,
				B686568724F8871700F0CAC1 /* Assets.xcassets in Resources */,
				B686568524F8871600F0CAC1 /* Main.storyboard in Resources */,
			);
			runOnlyForDeploymentPostprocessing = 0;
		};
		B686568E24F8871700F0CAC1 /* Resources */ = {
			isa = PBXResourcesBuildPhase;
			buildActionMask = 2147483647;
			files = (
			);
			runOnlyForDeploymentPostprocessing = 0;
		};
		B686569924F8871700F0CAC1 /* Resources */ = {
			isa = PBXResourcesBuildPhase;
			buildActionMask = 2147483647;
			files = (
			);
			runOnlyForDeploymentPostprocessing = 0;
		};
/* End PBXResourcesBuildPhase section */

/* Begin PBXSourcesBuildPhase section */
		B686567424F8871600F0CAC1 /* Sources */ = {
			isa = PBXSourcesBuildPhase;
			buildActionMask = 2147483647;
			files = (
				B686568224F8871600F0CAC1 /* SecondViewController.swift in Sources */,
				B686568024F8871600F0CAC1 /* FirstViewController.swift in Sources */,
				B686567C24F8871600F0CAC1 /* AppDelegate.swift in Sources */,
				B686567E24F8871600F0CAC1 /* SceneDelegate.swift in Sources */,
			);
			runOnlyForDeploymentPostprocessing = 0;
		};
		B686568C24F8871700F0CAC1 /* Sources */ = {
			isa = PBXSourcesBuildPhase;
			buildActionMask = 2147483647;
			files = (
				B686569524F8871700F0CAC1 /* BRCT1Tests.swift in Sources */,
			);
			runOnlyForDeploymentPostprocessing = 0;
		};
		B686569724F8871700F0CAC1 /* Sources */ = {
			isa = PBXSourcesBuildPhase;
			buildActionMask = 2147483647;
			files = (
				B68656A024F8871700F0CAC1 /* BRCT1UITests.swift in Sources */,
			);
			runOnlyForDeploymentPostprocessing = 0;
		};
/* End PBXSourcesBuildPhase section */

/* Begin PBXTargetDependency section */
		B686569224F8871700F0CAC1 /* PBXTargetDependency */ = {
			isa = PBXTargetDependency;
			target = B686567724F8871600F0CAC1 /* BRCT1 */;
			targetProxy = B686569124F8871700F0CAC1 /* PBXContainerItemProxy */;
		};
		B686569D24F8871700F0CAC1 /* PBXTargetDependency */ = {
			isa = PBXTargetDependency;
			target = B686567724F8871600F0CAC1 /* BRCT1 */;
			targetProxy = B686569C24F8871700F0CAC1 /* PBXContainerItemProxy */;
		};
/* End PBXTargetDependency section */

/* Begin PBXVariantGroup section */
		B686568324F8871600F0CAC1 /* Main.storyboard */ = {
			isa = PBXVariantGroup;
			children = (
				B686568424F8871600F0CAC1 /* Base */,
			);
			name = Main.storyboard;
			sourceTree = "<group>";
		};
		B686568824F8871700F0CAC1 /* LaunchScreen.storyboard */ = {
			isa = PBXVariantGroup;
			children = (
				B686568924F8871700F0CAC1 /* Base */,
			);
			name = LaunchScreen.storyboard;
			sourceTree = "<group>";
		};
/* End PBXVariantGroup section */

/* Begin XCBuildConfiguration section */
		B68656A224F8871700F0CAC1 /* Debug */ = {
			isa = XCBuildConfiguration;
			buildSettings = {
				ALWAYS_SEARCH_USER_PATHS = NO;
				CLANG_ANALYZER_NONNULL = YES;
				CLANG_ANALYZER_NUMBER_OBJECT_CONVERSION = YES_AGGRESSIVE;
				CLANG_CXX_LANGUAGE_STANDARD = "gnu++14";
				CLANG_CXX_LIBRARY = "libc++";
				CLANG_ENABLE_MODULES = YES;
				CLANG_ENABLE_OBJC_ARC = YES;
				CLANG_ENABLE_OBJC_WEAK = YES;
				CLANG_WARN_BLOCK_CAPTURE_AUTORELEASING = YES;
				CLANG_WARN_BOOL_CONVERSION = YES;
				CLANG_WARN_COMMA = YES;
				CLANG_WARN_CONSTANT_CONVERSION = YES;
				CLANG_WARN_DEPRECATED_OBJC_IMPLEMENTATIONS = YES;
				CLANG_WARN_DIRECT_OBJC_ISA_USAGE = YES_ERROR;
				CLANG_WARN_DOCUMENTATION_COMMENTS = YES;
				CLANG_WARN_EMPTY_BODY = YES;
				CLANG_WARN_ENUM_CONVERSION = YES;
				CLANG_WARN_INFINITE_RECURSION = YES;
				CLANG_WARN_INT_CONVERSION = YES;
				CLANG_WARN_NON_LITERAL_NULL_CONVERSION = YES;
				CLANG_WARN_OBJC_IMPLICIT_RETAIN_SELF = YES;
				CLANG_WARN_OBJC_LITERAL_CONVERSION = YES;
				CLANG_WARN_OBJC_ROOT_CLASS = YES_ERROR;
				CLANG_WARN_RANGE_LOOP_ANALYSIS = YES;
				CLANG_WARN_STRICT_PROTOTYPES = YES;
				CLANG_WARN_SUSPICIOUS_MOVE = YES;
				CLANG_WARN_UNGUARDED_AVAILABILITY = YES_AGGRESSIVE;
				CLANG_WARN_UNREACHABLE_CODE = YES;
				CLANG_WARN__DUPLICATE_METHOD_MATCH = YES;
				COPY_PHASE_STRIP = NO;
				DEBUG_INFORMATION_FORMAT = dwarf;
				ENABLE_STRICT_OBJC_MSGSEND = YES;
				ENABLE_TESTABILITY = YES;
				GCC_C_LANGUAGE_STANDARD = gnu11;
				GCC_DYNAMIC_NO_PIC = NO;
				GCC_NO_COMMON_BLOCKS = YES;
				GCC_OPTIMIZATION_LEVEL = 0;
				GCC_PREPROCESSOR_DEFINITIONS = (
					"DEBUG=1",
					"$(inherited)",
				);
				GCC_WARN_64_TO_32_BIT_CONVERSION = YES;
				GCC_WARN_ABOUT_RETURN_TYPE = YES_ERROR;
				GCC_WARN_UNDECLARED_SELECTOR = YES;
				GCC_WARN_UNINITIALIZED_AUTOS = YES_AGGRESSIVE;
				GCC_WARN_UNUSED_FUNCTION = YES;
				GCC_WARN_UNUSED_VARIABLE = YES;
				IPHONEOS_DEPLOYMENT_TARGET = 13.6;
				MTL_ENABLE_DEBUG_INFO = INCLUDE_SOURCE;
				MTL_FAST_MATH = YES;
				ONLY_ACTIVE_ARCH = YES;
				SDKROOT = iphoneos;
				SWIFT_ACTIVE_COMPILATION_CONDITIONS = DEBUG;
				SWIFT_OPTIMIZATION_LEVEL = "-Onone";
			};
			name = Debug;
		};
		B68656A324F8871700F0CAC1 /* Release */ = {
			isa = XCBuildConfiguration;
			buildSettings = {
				ALWAYS_SEARCH_USER_PATHS = NO;
				CLANG_ANALYZER_NONNULL = YES;
				CLANG_ANALYZER_NUMBER_OBJECT_CONVERSION = YES_AGGRESSIVE;
				CLANG_CXX_LANGUAGE_STANDARD = "gnu++14";
				CLANG_CXX_LIBRARY = "libc++";
				CLANG_ENABLE_MODULES = YES;
				CLANG_ENABLE_OBJC_ARC = YES;
				CLANG_ENABLE_OBJC_WEAK = YES;
				CLANG_WARN_BLOCK_CAPTURE_AUTORELEASING = YES;
				CLANG_WARN_BOOL_CONVERSION = YES;
				CLANG_WARN_COMMA = YES;
				CLANG_WARN_CONSTANT_CONVERSION = YES;
				CLANG_WARN_DEPRECATED_OBJC_IMPLEMENTATIONS = YES;
				CLANG_WARN_DIRECT_OBJC_ISA_USAGE = YES_ERROR;
				CLANG_WARN_DOCUMENTATION_COMMENTS = YES;
				CLANG_WARN_EMPTY_BODY = YES;
				CLANG_WARN_ENUM_CONVERSION = YES;
				CLANG_WARN_INFINITE_RECURSION = YES;
				CLANG_WARN_INT_CONVERSION = YES;
				CLANG_WARN_NON_LITERAL_NULL_CONVERSION = YES;
				CLANG_WARN_OBJC_IMPLICIT_RETAIN_SELF = YES;
				CLANG_WARN_OBJC_LITERAL_CONVERSION = YES;
				CLANG_WARN_OBJC_ROOT_CLASS = YES_ERROR;
				CLANG_WARN_RANGE_LOOP_ANALYSIS = YES;
				CLANG_WARN_STRICT_PROTOTYPES = YES;
				CLANG_WARN_SUSPICIOUS_MOVE = YES;
				CLANG_WARN_UNGUARDED_AVAILABILITY = YES_AGGRESSIVE;
				CLANG_WARN_UNREACHABLE_CODE = YES;
				CLANG_WARN__DUPLICATE_METHOD_MATCH = YES;
				COPY_PHASE_STRIP = NO;
				DEBUG_INFORMATION_FORMAT = "dwarf-with-dsym";
				ENABLE_NS_ASSERTIONS = NO;
				ENABLE_STRICT_OBJC_MSGSEND = YES;
				GCC_C_LANGUAGE_STANDARD = gnu11;
				GCC_NO_COMMON_BLOCKS = YES;
				GCC_WARN_64_TO_32_BIT_CONVERSION = YES;
				GCC_WARN_ABOUT_RETURN_TYPE = YES_ERROR;
				GCC_WARN_UNDECLARED_SELECTOR = YES;
				GCC_WARN_UNINITIALIZED_AUTOS = YES_AGGRESSIVE;
				GCC_WARN_UNUSED_FUNCTION = YES;
				GCC_WARN_UNUSED_VARIABLE = YES;
				IPHONEOS_DEPLOYMENT_TARGET = 13.6;
				MTL_ENABLE_DEBUG_INFO = NO;
				MTL_FAST_MATH = YES;
				SDKROOT = iphoneos;
				SWIFT_COMPILATION_MODE = wholemodule;
				SWIFT_OPTIMIZATION_LEVEL = "-O";
				VALIDATE_PRODUCT = YES;
			};
			name = Release;
		};
		B68656A524F8871700F0CAC1 /* Debug */ = {
			isa = XCBuildConfiguration;
			buildSettings = {
				ASSETCATALOG_COMPILER_APPICON_NAME = AppIcon;
				CODE_SIGN_STYLE = Automatic;
				INFOPLIST_FILE = BRCT1/Info.plist;
				LD_RUNPATH_SEARCH_PATHS = (
					"$(inherited)",
					"@executable_path/Frameworks",
				);
				PRODUCT_BUNDLE_IDENTIFIER = com.shrutiagarwal.BRCT1;
				PRODUCT_NAME = "$(TARGET_NAME)";
				SWIFT_VERSION = 5.0;
				TARGETED_DEVICE_FAMILY = "1,2";
			};
			name = Debug;
		};
		B68656A624F8871700F0CAC1 /* Release */ = {
			isa = XCBuildConfiguration;
			buildSettings = {
				ASSETCATALOG_COMPILER_APPICON_NAME = AppIcon;
				CODE_SIGN_STYLE = Automatic;
				INFOPLIST_FILE = BRCT1/Info.plist;
				LD_RUNPATH_SEARCH_PATHS = (
					"$(inherited)",
					"@executable_path/Frameworks",
				);
				PRODUCT_BUNDLE_IDENTIFIER = com.shrutiagarwal.BRCT1;
				PRODUCT_NAME = "$(TARGET_NAME)";
				SWIFT_VERSION = 5.0;
				TARGETED_DEVICE_FAMILY = "1,2";
			};
			name = Release;
		};
		B68656A824F8871700F0CAC1 /* Debug */ = {
			isa = XCBuildConfiguration;
			buildSettings = {
				ALWAYS_EMBED_SWIFT_STANDARD_LIBRARIES = YES;
				BUNDLE_LOADER = "$(TEST_HOST)";
				CODE_SIGN_STYLE = Automatic;
				INFOPLIST_FILE = BRCT1Tests/Info.plist;
				IPHONEOS_DEPLOYMENT_TARGET = 13.6;
				LD_RUNPATH_SEARCH_PATHS = (
					"$(inherited)",
					"@executable_path/Frameworks",
					"@loader_path/Frameworks",
				);
				PRODUCT_BUNDLE_IDENTIFIER = com.shrutiagarwal.BRCT1Tests;
				PRODUCT_NAME = "$(TARGET_NAME)";
				SWIFT_VERSION = 5.0;
				TARGETED_DEVICE_FAMILY = "1,2";
				TEST_HOST = "$(BUILT_PRODUCTS_DIR)/BRCT1.app/BRCT1";
			};
			name = Debug;
		};
		B68656A924F8871700F0CAC1 /* Release */ = {
			isa = XCBuildConfiguration;
			buildSettings = {
				ALWAYS_EMBED_SWIFT_STANDARD_LIBRARIES = YES;
				BUNDLE_LOADER = "$(TEST_HOST)";
				CODE_SIGN_STYLE = Automatic;
				INFOPLIST_FILE = BRCT1Tests/Info.plist;
				IPHONEOS_DEPLOYMENT_TARGET = 13.6;
				LD_RUNPATH_SEARCH_PATHS = (
					"$(inherited)",
					"@executable_path/Frameworks",
					"@loader_path/Frameworks",
				);
				PRODUCT_BUNDLE_IDENTIFIER = com.shrutiagarwal.BRCT1Tests;
				PRODUCT_NAME = "$(TARGET_NAME)";
				SWIFT_VERSION = 5.0;
				TARGETED_DEVICE_FAMILY = "1,2";
				TEST_HOST = "$(BUILT_PRODUCTS_DIR)/BRCT1.app/BRCT1";
			};
			name = Release;
		};
		B68656AB24F8871700F0CAC1 /* Debug */ = {
			isa = XCBuildConfiguration;
			buildSettings = {
				ALWAYS_EMBED_SWIFT_STANDARD_LIBRARIES = YES;
				CODE_SIGN_STYLE = Automatic;
				INFOPLIST_FILE = BRCT1UITests/Info.plist;
				LD_RUNPATH_SEARCH_PATHS = (
					"$(inherited)",
					"@executable_path/Frameworks",
					"@loader_path/Frameworks",
				);
				PRODUCT_BUNDLE_IDENTIFIER = com.shrutiagarwal.BRCT1UITests;
				PRODUCT_NAME = "$(TARGET_NAME)";
				SWIFT_VERSION = 5.0;
				TARGETED_DEVICE_FAMILY = "1,2";
				TEST_TARGET_NAME = BRCT1;
			};
			name = Debug;
		};
		B68656AC24F8871700F0CAC1 /* Release */ = {
			isa = XCBuildConfiguration;
			buildSettings = {
				ALWAYS_EMBED_SWIFT_STANDARD_LIBRARIES = YES;
				CODE_SIGN_STYLE = Automatic;
				INFOPLIST_FILE = BRCT1UITests/Info.plist;
				LD_RUNPATH_SEARCH_PATHS = (
					"$(inherited)",
					"@executable_path/Frameworks",
					"@loader_path/Frameworks",
				);
				PRODUCT_BUNDLE_IDENTIFIER = com.shrutiagarwal.BRCT1UITests;
				PRODUCT_NAME = "$(TARGET_NAME)";
				SWIFT_VERSION = 5.0;
				TARGETED_DEVICE_FAMILY = "1,2";
				TEST_TARGET_NAME = BRCT1;
			};
			name = Release;
		};
/* End XCBuildConfiguration section */

/* Begin XCConfigurationList section */
		B686567324F8871600F0CAC1 /* Build configuration list for PBXProject "BRCT1" */ = {
			isa = XCConfigurationList;
			buildConfigurations = (
				B68656A224F8871700F0CAC1 /* Debug */,
				B68656A324F8871700F0CAC1 /* Release */,
			);
			defaultConfigurationIsVisible = 0;
			defaultConfigurationName = Release;
		};
		B68656A424F8871700F0CAC1 /* Build configuration list for PBXNativeTarget "BRCT1" */ = {
			isa = XCConfigurationList;
			buildConfigurations = (
				B68656A524F8871700F0CAC1 /* Debug */,
				B68656A624F8871700F0CAC1 /* Release */,
			);
			defaultConfigurationIsVisible = 0;
			defaultConfigurationName = Release;
		};
		B68656A724F8871700F0CAC1 /* Build configuration list for PBXNativeTarget "BRCT1Tests" */ = {
			isa = XCConfigurationList;
			buildConfigurations = (
				B68656A824F8871700F0CAC1 /* Debug */,
				B68656A924F8871700F0CAC1 /* Release */,
			);
			defaultConfigurationIsVisible = 0;
			defaultConfigurationName = Release;
		};
		B68656AA24F8871700F0CAC1 /* Build configuration list for PBXNativeTarget "BRCT1UITests" */ = {
			isa = XCConfigurationList;
			buildConfigurations = (
				B68656AB24F8871700F0CAC1 /* Debug */,
				B68656AC24F8871700F0CAC1 /* Release */,
			);
			defaultConfigurationIsVisible = 0;
			defaultConfigurationName = Release;
		};
/* End XCConfigurationList section */
	};
	rootObject = B686567024F8871600F0CAC1 /* Project object */;
}
